{
  "version": 4,
  "terraform_version": "1.14.0",
  "serial": 4,
  "lineage": "0323c3d8-0f36-d557-8dfd-893f7c7a8f26",
  "outputs": {
    "connect_info": {
      "value": "Key: cashify-key, IP: 54.255.144.25, User: ubuntu",
      "type": "string"
    },
    "instance_id": {
      "value": "i-0ed3468603002c2b8",
      "type": "string"
    },
    "key_name": {
      "value": "cashify-key",
      "type": "string"
    },
    "public_ip": {
      "value": "54.255.144.25",
      "type": "string"
    },
    "ssh_command": {
      "value": "ssh -i /Users/arif/.ssh/cashify-aws.pub ubuntu@54.255.144.25",
      "type": "string"
    }
  },
  "resources": [
    {
      "mode": "data",
      "type": "aws_subnets",
      "name": "default",
      "provider": "provider[\"registry.terraform.io/hashicorp/aws\"]",
      "instances": [
        {
          "schema_version": 0,
          "attributes": {
            "filter": [
              {
                "name": "vpc-id",
                "values": [
                  "vpc-00e8bc066fbaf83bc"
                ]
              }
            ],
            "id": "ap-southeast-1",
            "ids": [
              "subnet-0f780f3cd4e70ae5f",
              "subnet-01572b03a83e46f70",
              "subnet-047339f8d3d9a7d9b"
            ],
            "region": "ap-southeast-1",
            "tags": null,
            "timeouts": null
          },
          "sensitive_attributes": [],
          "identity_schema_version": 0
        }
      ]
    },
    {
      "mode": "data",
      "type": "aws_vpc",
      "name": "default",
      "provider": "provider[\"registry.terraform.io/hashicorp/aws\"]",
      "instances": [
        {
          "schema_version": 0,
          "attributes": {
            "arn": "arn:aws:ec2:ap-southeast-1:345594602424:vpc/vpc-00e8bc066fbaf83bc",
            "cidr_block": "172.31.0.0/16",
            "cidr_block_associations": [
              {
                "association_id": "vpc-cidr-assoc-01a1c2bc54fe9ca69",
                "cidr_block": "172.31.0.0/16",
                "state": "associated"
              }
            ],
            "default": true,
            "dhcp_options_id": "dopt-0ab5e0f02c4e6082b",
            "enable_dns_hostnames": true,
            "enable_dns_support": true,
            "enable_network_address_usage_metrics": false,
            "filter": null,
            "id": "vpc-00e8bc066fbaf83bc",
            "instance_tenancy": "default",
            "ipv6_association_id": "",
            "ipv6_cidr_block": "",
            "main_route_table_id": "rtb-08f35ac8ef2e219ab",
            "owner_id": "345594602424",
            "region": "ap-southeast-1",
            "state": null,
            "tags": {},
            "timeouts": null
          },
          "sensitive_attributes": [],
          "identity_schema_version": 0
        }
      ]
    },
    {
      "mode": "managed",
      "type": "aws_instance",
      "name": "this",
      "provider": "provider[\"registry.terraform.io/hashicorp/aws\"]",
      "instances": [
        {
          "schema_version": 2,
          "attributes": {
            "ami": "ami-00d8fc944fb171e29",
            "arn": "arn:aws:ec2:ap-southeast-1:345594602424:instance/i-0ed3468603002c2b8",
            "associate_public_ip_address": true,
            "availability_zone": "ap-southeast-1b",
            "capacity_reservation_specification": [
              {
                "capacity_reservation_preference": "open",
                "capacity_reservation_target": []
              }
            ],
            "cpu_options": [
              {
                "amd_sev_snp": "",
                "core_count": 1,
                "threads_per_core": 1
              }
            ],
            "credit_specification": [
              {
                "cpu_credits": "standard"
              }
            ],
            "disable_api_stop": false,
            "disable_api_termination": false,
            "ebs_block_device": [],
            "ebs_optimized": false,
            "enable_primary_ipv6": null,
            "enclave_options": [
              {
                "enabled": false
              }
            ],
            "ephemeral_block_device": [],
            "force_destroy": false,
            "get_password_data": false,
            "hibernation": false,
            "host_id": "",
            "host_resource_group_arn": null,
            "iam_instance_profile": "",
            "id": "i-0ed3468603002c2b8",
            "instance_initiated_shutdown_behavior": "stop",
            "instance_lifecycle": "",
            "instance_market_options": [],
            "instance_state": "running",
            "instance_type": "t2.micro",
            "ipv6_address_count": 0,
            "ipv6_addresses": [],
            "key_name": "cashify-key",
            "launch_template": [],
            "maintenance_options": [
              {
                "auto_recovery": "default"
              }
            ],
            "metadata_options": [
              {
                "http_endpoint": "enabled",
                "http_protocol_ipv6": "disabled",
                "http_put_response_hop_limit": 2,
                "http_tokens": "required",
                "instance_metadata_tags": "disabled"
              }
            ],
            "monitoring": false,
            "network_interface": [],
            "outpost_arn": "",
            "password_data": "",
            "placement_group": "",
            "placement_group_id": "",
            "placement_partition_number": 0,
            "primary_network_interface": [
              {
                "delete_on_termination": true,
                "network_interface_id": "eni-012fdbd28f25906cf"
              }
            ],
            "primary_network_interface_id": "eni-012fdbd28f25906cf",
            "private_dns": "ip-172-31-22-185.ap-southeast-1.compute.internal",
            "private_dns_name_options": [
              {
                "enable_resource_name_dns_a_record": false,
                "enable_resource_name_dns_aaaa_record": false,
                "hostname_type": "ip-name"
              }
            ],
            "private_ip": "172.31.22.185",
            "public_dns": "ec2-54-255-144-25.ap-southeast-1.compute.amazonaws.com",
            "public_ip": "54.255.144.25",
            "region": "ap-southeast-1",
            "root_block_device": [
              {
                "delete_on_termination": true,
                "device_name": "/dev/sda1",
                "encrypted": false,
                "iops": 3000,
                "kms_key_id": "",
                "tags": {},
                "tags_all": {},
                "throughput": 125,
                "volume_id": "vol-059e889e8326cf561",
                "volume_size": 8,
                "volume_type": "gp3"
              }
            ],
            "secondary_private_ips": [],
            "security_groups": [
              "cashify-sg"
            ],
            "source_dest_check": true,
            "spot_instance_request_id": "",
            "subnet_id": "subnet-0f780f3cd4e70ae5f",
            "tags": {
              "Name": "cashify-api",
              "Role": "cashify-api"
            },
            "tags_all": {
              "Name": "cashify-api",
              "Role": "cashify-api"
            },
            "tenancy": "default",
            "timeouts": null,
            "user_data": "#!/bin/bash\nset -euo pipefail\n\nLOG_FILE=\"/var/log/cashify-init.log\"\nexec \u003e \u003e(tee -a \"$LOG_FILE\") 2\u003e\u00261\n\necho \"===== Cashify Instance Bootstrap Started =====\"\n\n# -----------------------------\n# CONFIG\n# -----------------------------\nDEPLOY_USER=\"deploy\"\nCUSTOM_SSH_PORT=50022\nAPP_DIR=\"/opt/cashify\"\nREPO_URL=\"https://github.com/iamarifdev/Cashify.git\"\n\nSSHD_CONFIG=\"/etc/ssh/sshd_config\"\nSSHD_CONFIGD_DIR=\"/etc/ssh/sshd_config.d\"\n\n# Wait for cloud-init to finish (prevents race conditions)\ncloud-init status --wait || true\n\n\n# =====================================================\n# 1. SYSTEM PREP\n# =====================================================\necho \"[1/7] Updating system packages...\"\napt-get update -y\napt-get upgrade -y\n\n\n# =====================================================\n# 2. CREATE DEPLOY USER SAFELY\n# =====================================================\necho \"[2/7] Creating deploy user if missing...\"\n\nif ! id \"$DEPLOY_USER\" \u003e/dev/null 2\u003e\u00261; then\n    adduser --disabled-password --gecos \"\" \"$DEPLOY_USER\"\nfi\n\n# Passwordless sudo\necho \"${DEPLOY_USER} ALL=(ALL) NOPASSWD:ALL\" \u003e/etc/sudoers.d/$DEPLOY_USER\nchmod 440 /etc/sudoers.d/$DEPLOY_USER\n\n# Copy SSH keys from ubuntu → deploy\nmkdir -p /home/$DEPLOY_USER/.ssh\nif [[ -f /home/ubuntu/.ssh/authorized_keys ]]; then\n    cp /home/ubuntu/.ssh/authorized_keys /home/$DEPLOY_USER/.ssh/authorized_keys\nfi\n\nchown -R $DEPLOY_USER:$DEPLOY_USER /home/$DEPLOY_USER/.ssh\nchmod 700 /home/$DEPLOY_USER/.ssh\nchmod 600 /home/$DEPLOY_USER/.ssh/authorized_keys || true\n\n\n# =====================================================\n# 3. INSTALL DOCKER + COMPOSE (SAFE FOR UBUNTU 24.04)\n# =====================================================\necho \"[3/7] Installing Docker Engine + Compose v2...\"\n\napt-get remove -y docker docker.io docker-engine docker-compose-plugin || true\ninstall -m 0755 -d /etc/apt/keyrings\n\ncurl -fsSL https://download.docker.com/linux/ubuntu/gpg \\\n    | tee /etc/apt/keyrings/docker.asc \u003e/dev/null\nchmod a+r /etc/apt/keyrings/docker.asc\n\n# Add Docker repo\necho \\\n\"deb [arch=$(dpkg --print-architecture) signed-by=/etc/apt/keyrings/docker.asc] \\\n https://download.docker.com/linux/ubuntu noble stable\" \\\n    \u003e/etc/apt/sources.list.d/docker.list\n\napt-get update -y\napt-get install -y docker-ce docker-ce-cli containerd.io docker-buildx-plugin docker-compose-plugin\n\nsystemctl enable docker\nsystemctl start docker\n\n# Allow deploy user to run docker\nusermod -aG docker \"$DEPLOY_USER\"\n\n\n# =====================================================\n# 4. SAFE SSH CONFIGURATION (NO LOCKOUT)\n# =====================================================\necho \"[4/7] Configuring SSH safely...\"\n\n# Ensure BOTH ports exist (idempotent)\ngrep -q \"^Port 22\" \"$SSHD_CONFIG\" || echo \"Port 22\" \u003e\u003e \"$SSHD_CONFIG\"\ngrep -q \"^Port $CUSTOM_SSH_PORT\" \"$SSHD_CONFIG\" || echo \"Port $CUSTOM_SSH_PORT\" \u003e\u003e \"$SSHD_CONFIG\"\n\n# Ensure AddressFamily inet (prevents IPv6-only binding)\nif ! grep -q \"^AddressFamily\" \"$SSHD_CONFIG\"; then\n    echo \"AddressFamily inet\" \u003e\u003e \"$SSHD_CONFIG\"\nfi\n\n# Remove cloud-init instance-connect port overrides\nfor f in $SSHD_CONFIGD_DIR/*.conf; do\n    sed -i 's/^Port/#Port/' \"$f\" || true\ndone\n\n# Validate before restart\nif sshd -t; then\n    echo \"SSH config valid. Restarting ssh...\"\n    systemctl restart ssh\nelse\n    echo \"SSH config invalid. NOT restarting ssh to avoid lockout!\"\nfi\n\n\n# =====================================================\n# 5. FIREWALL (UFW) — NEVER BLOCKS SSH 22\n# =====================================================\necho \"[5/7] Configuring UFW...\"\n\nufw --force reset\n\nufw default deny incoming\nufw default allow outgoing\n\n# Always allow both ports\nufw allow 22/tcp\nufw allow $CUSTOM_SSH_PORT/tcp\n\n# HTTP/HTTPS\nufw allow 80/tcp\nufw allow 443/tcp\n\nufw --force enable\n\n\n# =====================================================\n# 6. OPTIONAL — CLONE APP DIRECTORY\n# =====================================================\necho \"[6/7] Preparing app directory...\"\n\nmkdir -p \"$APP_DIR\"\n\nif [[ ! -d \"$APP_DIR/.git\" ]]; then\n    git clone \"$REPO_URL\" \"$APP_DIR\"\nelse\n    cd \"$APP_DIR\"\n    git pull || true\nfi\n\nchown -R $DEPLOY_USER:$DEPLOY_USER \"$APP_DIR\"\n\n\n# =====================================================\n# 7. FINAL CHECKS\n# =====================================================\necho \"[7/7] Final checks...\"\n\nsshd -T | grep port\nsystemctl status ssh --no-pager || true\nufw status verbose\n\necho \"===== Cashify Instance Bootstrap Finished Successfully =====\"\n",
            "user_data_base64": null,
            "user_data_replace_on_change": false,
            "volume_tags": null,
            "vpc_security_group_ids": [
              "sg-07ed61da25d3a4d57"
            ]
          },
          "sensitive_attributes": [],
          "identity_schema_version": 0,
          "identity": {
            "account_id": "345594602424",
            "id": "i-0ed3468603002c2b8",
            "region": "ap-southeast-1"
          },
          "private": "eyJlMmJmYjczMC1lY2FhLTExZTYtOGY4OC0zNDM2M2JjN2M0YzAiOnsiY3JlYXRlIjo2MDAwMDAwMDAwMDAsImRlbGV0ZSI6MTIwMDAwMDAwMDAwMCwicmVhZCI6OTAwMDAwMDAwMDAwLCJ1cGRhdGUiOjYwMDAwMDAwMDAwMH0sInNjaGVtYV92ZXJzaW9uIjoiMiJ9",
          "dependencies": [
            "aws_key_pair.this",
            "aws_security_group.this",
            "data.aws_subnets.default",
            "data.aws_vpc.default"
          ]
        }
      ]
    },
    {
      "mode": "managed",
      "type": "aws_key_pair",
      "name": "this",
      "provider": "provider[\"registry.terraform.io/hashicorp/aws\"]",
      "instances": [
        {
          "schema_version": 1,
          "attributes": {
            "arn": "arn:aws:ec2:ap-southeast-1:345594602424:key-pair/cashify-key",
            "fingerprint": "sI1IJbUlhlQrgee65MhlekEV4voM+5IvfFq5IXyvVQs=",
            "id": "cashify-key",
            "key_name": "cashify-key",
            "key_name_prefix": "",
            "key_pair_id": "key-0b3998755f90f640f",
            "key_type": "ed25519",
            "public_key": "ssh-ed25519 AAAAC3NzaC1lZDI1NTE5AAAAIC18Lj3wThFmvChPfNNv1eOaU65WbrqkFPY8SlVoxctr arif@MacBookPro",
            "region": "ap-southeast-1",
            "tags": {
              "Name": "cashify-key"
            },
            "tags_all": {
              "Name": "cashify-key"
            }
          },
          "sensitive_attributes": [],
          "identity_schema_version": 0,
          "private": "eyJzY2hlbWFfdmVyc2lvbiI6IjEifQ=="
        }
      ]
    },
    {
      "mode": "managed",
      "type": "aws_security_group",
      "name": "this",
      "provider": "provider[\"registry.terraform.io/hashicorp/aws\"]",
      "instances": [
        {
          "schema_version": 1,
          "attributes": {
            "arn": "arn:aws:ec2:ap-southeast-1:345594602424:security-group/sg-07ed61da25d3a4d57",
            "description": "Security group for cashify API",
            "egress": [
              {
                "cidr_blocks": [
                  "0.0.0.0/0"
                ],
                "description": "",
                "from_port": 0,
                "ipv6_cidr_blocks": [],
                "prefix_list_ids": [],
                "protocol": "-1",
                "security_groups": [],
                "self": false,
                "to_port": 0
              }
            ],
            "id": "sg-07ed61da25d3a4d57",
            "ingress": [
              {
                "cidr_blocks": [
                  "0.0.0.0/0"
                ],
                "description": "HTTP",
                "from_port": 80,
                "ipv6_cidr_blocks": [],
                "prefix_list_ids": [],
                "protocol": "tcp",
                "security_groups": [],
                "self": false,
                "to_port": 80
              },
              {
                "cidr_blocks": [
                  "0.0.0.0/0"
                ],
                "description": "HTTPS",
                "from_port": 443,
                "ipv6_cidr_blocks": [],
                "prefix_list_ids": [],
                "protocol": "tcp",
                "security_groups": [],
                "self": false,
                "to_port": 443
              },
              {
                "cidr_blocks": [
                  "0.0.0.0/0"
                ],
                "description": "SSH (fallback)",
                "from_port": 22,
                "ipv6_cidr_blocks": [],
                "prefix_list_ids": [],
                "protocol": "tcp",
                "security_groups": [],
                "self": false,
                "to_port": 22
              },
              {
                "cidr_blocks": [
                  "0.0.0.0/0"
                ],
                "description": "SSH custom",
                "from_port": 50022,
                "ipv6_cidr_blocks": [],
                "prefix_list_ids": [],
                "protocol": "tcp",
                "security_groups": [],
                "self": false,
                "to_port": 50022
              }
            ],
            "name": "cashify-sg",
            "name_prefix": "",
            "owner_id": "345594602424",
            "region": "ap-southeast-1",
            "revoke_rules_on_delete": false,
            "tags": {
              "Name": "cashify-sg"
            },
            "tags_all": {
              "Name": "cashify-sg"
            },
            "timeouts": null,
            "vpc_id": "vpc-00e8bc066fbaf83bc"
          },
          "sensitive_attributes": [],
          "identity_schema_version": 0,
          "identity": {
            "account_id": "345594602424",
            "id": "sg-07ed61da25d3a4d57",
            "region": "ap-southeast-1"
          },
          "private": "eyJlMmJmYjczMC1lY2FhLTExZTYtOGY4OC0zNDM2M2JjN2M0YzAiOnsiY3JlYXRlIjo2MDAwMDAwMDAwMDAsImRlbGV0ZSI6OTAwMDAwMDAwMDAwfSwic2NoZW1hX3ZlcnNpb24iOiIxIn0=",
          "dependencies": [
            "data.aws_vpc.default"
          ]
        }
      ]
    }
  ],
  "check_results": null
}
